
Microsoft Visual Studio Solution File, Format Version 12.00
# Visual Studio Version 17
VisualStudioVersion = 17.9.34728.123
MinimumVisualStudioVersion = 10.0.40219.1
Project("{9A19103F-16F7-4668-BE54-9A1E7A4F7556}") = "ChessKeypad", "ChessKeypad\ChessKeypad.csproj", "{45F073E1-08AC-4644-9061-AC34A42E4876}"
EndProject
Project("{9A19103F-16F7-4668-BE54-9A1E7A4F7556}") = "ChessKeypad.Tests", "ChessKeypad.Tests\ChessKeypad.Tests.csproj", "{E5D2CF6C-5919-4ADA-A862-C25ED391495B}"
EndProject
Global
	GlobalSection(SolutionConfigurationPlatforms) = preSolution
		Debug|Any CPU = Debug|Any CPU
		Release|Any CPU = Release|Any CPU
	EndGlobalSection
	GlobalSection(ProjectConfigurationPlatforms) = postSolution
		{45F073E1-08AC-4644-9061-AC34A42E4876}.Debug|Any CPU.ActiveCfg = Debug|Any CPU
		{45F073E1-08AC-4644-9061-AC34A42E4876}.Debug|Any CPU.Build.0 = Debug|Any CPU
		{45F073E1-08AC-4644-9061-AC34A42E4876}.Release|Any CPU.ActiveCfg = Release|Any CPU
		{45F073E1-08AC-4644-9061-AC34A42E4876}.Release|Any CPU.Build.0 = Release|Any CPU
		{E5D2CF6C-5919-4ADA-A862-C25ED391495B}.Debug|Any CPU.ActiveCfg = Debug|Any CPU
		{E5D2CF6C-5919-4ADA-A862-C25ED391495B}.Debug|Any CPU.Build.0 = Debug|Any CPU
		{E5D2CF6C-5919-4ADA-A862-C25ED391495B}.Release|Any CPU.ActiveCfg = Release|Any CPU
		{E5D2CF6C-5919-4ADA-A862-C25ED391495B}.Release|Any CPU.Build.0 = Release|Any CPU
	EndGlobalSection
	GlobalSection(SolutionProperties) = preSolution
		HideSolutionNode = FALSE
	EndGlobalSection
	GlobalSection(ExtensibilityGlobals) = postSolution
		SolutionGuid = {3D0439FC-60D2-400C-BED2-E24EB3BFF3A0}
	EndGlobalSection
EndGlobal
